
Microsoft Visual Studio Solution File, Format Version 12.00
# Visual Studio Version 16
VisualStudioVersion = 16.0.30011.22
MinimumVisualStudioVersion = 10.0.40219.1
Project("{FAE04EC0-301F-11D3-BF4B-00C04F79EFBC}") = "Threads", "Threads\Threads.csproj", "{5AE00B30-A5DC-45EA-8937-83C61070A8CF}"
EndProject
Global
	GlobalSection(SolutionConfigurationPlatforms) = preSolution
		Debug|Any CPU = Debug|Any CPU
		Release|Any CPU = Release|Any CPU
	EndGlobalSection
	GlobalSection(ProjectConfigurationPlatforms) = postSolution
		{5AE00B30-A5DC-45EA-8937-83C61070A8CF}.Debug|Any CPU.ActiveCfg = Debug|Any CPU
		{5AE00B30-A5DC-45EA-8937-83C61070A8CF}.Debug|Any CPU.Build.0 = Debug|Any CPU
		{5AE00B30-A5DC-45EA-8937-83C61070A8CF}.Release|Any CPU.ActiveCfg = Release|Any CPU
		{5AE00B30-A5DC-45EA-8937-83C61070A8CF}.Release|Any CPU.Build.0 = Release|Any CPU
	EndGlobalSection
	GlobalSection(SolutionProperties) = preSolution
		HideSolutionNode = FALSE
	EndGlobalSection
	GlobalSection(ExtensibilityGlobals) = postSolution
		SolutionGuid = {B48B34A1-B2BC-4062-800E-F703523D8157}
	EndGlobalSection
EndGlobal
